
Microsoft Visual Studio Solution File, Format Version 12.00
# Visual Studio Version 17
VisualStudioVersion = 17.14.36327.8 d17.14
MinimumVisualStudioVersion = 10.0.40219.1
Project("{FAE04EC0-301F-11D3-BF4B-00C04F79EFBC}") = "SRPWith", "SRPWith\SRPWith.csproj", "{05044D39-EFF7-4D2B-AF5C-1317F3D9CCEF}"
EndProject
Global
	GlobalSection(SolutionConfigurationPlatforms) = preSolution
		Debug|Any CPU = Debug|Any CPU
		Release|Any CPU = Release|Any CPU
	EndGlobalSection
	GlobalSection(ProjectConfigurationPlatforms) = postSolution
		{05044D39-EFF7-4D2B-AF5C-1317F3D9CCEF}.Debug|Any CPU.ActiveCfg = Debug|Any CPU
		{05044D39-EFF7-4D2B-AF5C-1317F3D9CCEF}.Debug|Any CPU.Build.0 = Debug|Any CPU
		{05044D39-EFF7-4D2B-AF5C-1317F3D9CCEF}.Release|Any CPU.ActiveCfg = Release|Any CPU
		{05044D39-EFF7-4D2B-AF5C-1317F3D9CCEF}.Release|Any CPU.Build.0 = Release|Any CPU
	EndGlobalSection
	GlobalSection(SolutionProperties) = preSolution
		HideSolutionNode = FALSE
	EndGlobalSection
	GlobalSection(ExtensibilityGlobals) = postSolution
		SolutionGuid = {7D3CF31F-420B-4388-A0D4-CA04E16B9914}
	EndGlobalSection
EndGlobal
