
Microsoft Visual Studio Solution File, Format Version 12.00
# Visual Studio Version 17
VisualStudioVersion = 17.14.36310.24 d17.14
MinimumVisualStudioVersion = 10.0.40219.1
Project("{FAE04EC0-301F-11D3-BF4B-00C04F79EFBC}") = "DotnetCoreExample", "DotnetCoreExample\DotnetCoreExample.csproj", "{D15B81C5-3375-495D-B0F2-C6F5067B33E6}"
EndProject
Global
	GlobalSection(SolutionConfigurationPlatforms) = preSolution
		Debug|Any CPU = Debug|Any CPU
		Release|Any CPU = Release|Any CPU
	EndGlobalSection
	GlobalSection(ProjectConfigurationPlatforms) = postSolution
		{D15B81C5-3375-495D-B0F2-C6F5067B33E6}.Debug|Any CPU.ActiveCfg = Debug|Any CPU
		{D15B81C5-3375-495D-B0F2-C6F5067B33E6}.Debug|Any CPU.Build.0 = Debug|Any CPU
		{D15B81C5-3375-495D-B0F2-C6F5067B33E6}.Release|Any CPU.ActiveCfg = Release|Any CPU
		{D15B81C5-3375-495D-B0F2-C6F5067B33E6}.Release|Any CPU.Build.0 = Release|Any CPU
	EndGlobalSection
	GlobalSection(SolutionProperties) = preSolution
		HideSolutionNode = FALSE
	EndGlobalSection
	GlobalSection(ExtensibilityGlobals) = postSolution
		SolutionGuid = {8ACFD178-5EE1-41D2-9B80-FF8B735A02E7}
	EndGlobalSection
EndGlobal
