
Microsoft Visual Studio Solution File, Format Version 12.00
# Visual Studio Version 17
VisualStudioVersion = 17.14.36310.24 d17.14
MinimumVisualStudioVersion = 10.0.40219.1
Project("{FAE04EC0-301F-11D3-BF4B-00C04F79EFBC}") = "Agent.Models", "Agent.Models\Agent.Models.csproj", "{82785C8C-DC79-4CC5-9E80-FEBBC85F8836}"
EndProject
Project("{FAE04EC0-301F-11D3-BF4B-00C04F79EFBC}") = "AgentProject.Exceptions", "..\AgentProject.Exceptions\AgentProject.Exceptions.csproj", "{B5C8D9CF-4264-4EBD-93D3-1A84F7AED4FE}"
EndProject
Project("{FAE04EC0-301F-11D3-BF4B-00C04F79EFBC}") = "AgentProject.Dao", "..\AgentProject.Dao\AgentProject.Dao.csproj", "{C51C9209-076C-46E5-981D-5C1106F56464}"
EndProject
Global
	GlobalSection(SolutionConfigurationPlatforms) = preSolution
		Debug|Any CPU = Debug|Any CPU
		Release|Any CPU = Release|Any CPU
	EndGlobalSection
	GlobalSection(ProjectConfigurationPlatforms) = postSolution
		{82785C8C-DC79-4CC5-9E80-FEBBC85F8836}.Debug|Any CPU.ActiveCfg = Debug|Any CPU
		{82785C8C-DC79-4CC5-9E80-FEBBC85F8836}.Debug|Any CPU.Build.0 = Debug|Any CPU
		{82785C8C-DC79-4CC5-9E80-FEBBC85F8836}.Release|Any CPU.ActiveCfg = Release|Any CPU
		{82785C8C-DC79-4CC5-9E80-FEBBC85F8836}.Release|Any CPU.Build.0 = Release|Any CPU
		{B5C8D9CF-4264-4EBD-93D3-1A84F7AED4FE}.Debug|Any CPU.ActiveCfg = Debug|Any CPU
		{B5C8D9CF-4264-4EBD-93D3-1A84F7AED4FE}.Debug|Any CPU.Build.0 = Debug|Any CPU
		{B5C8D9CF-4264-4EBD-93D3-1A84F7AED4FE}.Release|Any CPU.ActiveCfg = Release|Any CPU
		{B5C8D9CF-4264-4EBD-93D3-1A84F7AED4FE}.Release|Any CPU.Build.0 = Release|Any CPU
		{C51C9209-076C-46E5-981D-5C1106F56464}.Debug|Any CPU.ActiveCfg = Debug|Any CPU
		{C51C9209-076C-46E5-981D-5C1106F56464}.Debug|Any CPU.Build.0 = Debug|Any CPU
		{C51C9209-076C-46E5-981D-5C1106F56464}.Release|Any CPU.ActiveCfg = Release|Any CPU
		{C51C9209-076C-46E5-981D-5C1106F56464}.Release|Any CPU.Build.0 = Release|Any CPU
	EndGlobalSection
	GlobalSection(SolutionProperties) = preSolution
		HideSolutionNode = FALSE
	EndGlobalSection
	GlobalSection(ExtensibilityGlobals) = postSolution
		SolutionGuid = {E7848E0E-885F-4C5E-A57A-BB6B3679412E}
	EndGlobalSection
EndGlobal
