
Microsoft Visual Studio Solution File, Format Version 12.00
# Visual Studio Version 17
VisualStudioVersion = 17.14.36310.24 d17.14
MinimumVisualStudioVersion = 10.0.40219.1
Project("{FAE04EC0-301F-11D3-BF4B-00C04F79EFBC}") = "MockExample", "MockExample\MockExample.csproj", "{340E59A2-CB9F-4400-B5E1-0B1CA7A5998C}"
EndProject
Global
	GlobalSection(SolutionConfigurationPlatforms) = preSolution
		Debug|Any CPU = Debug|Any CPU
		Release|Any CPU = Release|Any CPU
	EndGlobalSection
	GlobalSection(ProjectConfigurationPlatforms) = postSolution
		{340E59A2-CB9F-4400-B5E1-0B1CA7A5998C}.Debug|Any CPU.ActiveCfg = Debug|Any CPU
		{340E59A2-CB9F-4400-B5E1-0B1CA7A5998C}.Debug|Any CPU.Build.0 = Debug|Any CPU
		{340E59A2-CB9F-4400-B5E1-0B1CA7A5998C}.Release|Any CPU.ActiveCfg = Release|Any CPU
		{340E59A2-CB9F-4400-B5E1-0B1CA7A5998C}.Release|Any CPU.Build.0 = Release|Any CPU
	EndGlobalSection
	GlobalSection(SolutionProperties) = preSolution
		HideSolutionNode = FALSE
	EndGlobalSection
	GlobalSection(ExtensibilityGlobals) = postSolution
		SolutionGuid = {20C6E134-6B48-470F-8B53-69F36119187E}
	EndGlobalSection
EndGlobal
