
Microsoft Visual Studio Solution File, Format Version 12.00
# Visual Studio Version 17
VisualStudioVersion = 17.14.36310.24 d17.14
MinimumVisualStudioVersion = 10.0.40219.1
Project("{FAE04EC0-301F-11D3-BF4B-00C04F79EFBC}") = "CalculationLibrary", "CalculationLibrary\CalculationLibrary.csproj", "{7F7390B7-ABE3-4B41-AC29-0D445A8EF38F}"
EndProject
Project("{FAE04EC0-301F-11D3-BF4B-00C04F79EFBC}") = "CalculationClient", "CalculationClient\CalculationClient.csproj", "{C5566390-496F-4726-BDED-0198AAA6F24E}"
EndProject
Global
	GlobalSection(SolutionConfigurationPlatforms) = preSolution
		Debug|Any CPU = Debug|Any CPU
		Release|Any CPU = Release|Any CPU
	EndGlobalSection
	GlobalSection(ProjectConfigurationPlatforms) = postSolution
		{7F7390B7-ABE3-4B41-AC29-0D445A8EF38F}.Debug|Any CPU.ActiveCfg = Debug|Any CPU
		{7F7390B7-ABE3-4B41-AC29-0D445A8EF38F}.Debug|Any CPU.Build.0 = Debug|Any CPU
		{7F7390B7-ABE3-4B41-AC29-0D445A8EF38F}.Release|Any CPU.ActiveCfg = Release|Any CPU
		{7F7390B7-ABE3-4B41-AC29-0D445A8EF38F}.Release|Any CPU.Build.0 = Release|Any CPU
		{C5566390-496F-4726-BDED-0198AAA6F24E}.Debug|Any CPU.ActiveCfg = Debug|Any CPU
		{C5566390-496F-4726-BDED-0198AAA6F24E}.Debug|Any CPU.Build.0 = Debug|Any CPU
		{C5566390-496F-4726-BDED-0198AAA6F24E}.Release|Any CPU.ActiveCfg = Release|Any CPU
		{C5566390-496F-4726-BDED-0198AAA6F24E}.Release|Any CPU.Build.0 = Release|Any CPU
	EndGlobalSection
	GlobalSection(SolutionProperties) = preSolution
		HideSolutionNode = FALSE
	EndGlobalSection
	GlobalSection(ExtensibilityGlobals) = postSolution
		SolutionGuid = {118734CA-D4F5-4913-BCFF-3CC14E5092AF}
	EndGlobalSection
EndGlobal
