
Microsoft Visual Studio Solution File, Format Version 12.00
# Visual Studio Version 17
VisualStudioVersion = 17.14.36327.8 d17.14
MinimumVisualStudioVersion = 10.0.40219.1
Project("{FAE04EC0-301F-11D3-BF4B-00C04F79EFBC}") = "RealTimeChat", "RealTimeChat\RealTimeChat.csproj", "{8420011D-9D4B-47C6-8EF4-51E828985A41}"
EndProject
Global
	GlobalSection(SolutionConfigurationPlatforms) = preSolution
		Debug|Any CPU = Debug|Any CPU
		Release|Any CPU = Release|Any CPU
	EndGlobalSection
	GlobalSection(ProjectConfigurationPlatforms) = postSolution
		{8420011D-9D4B-47C6-8EF4-51E828985A41}.Debug|Any CPU.ActiveCfg = Debug|Any CPU
		{8420011D-9D4B-47C6-8EF4-51E828985A41}.Debug|Any CPU.Build.0 = Debug|Any CPU
		{8420011D-9D4B-47C6-8EF4-51E828985A41}.Release|Any CPU.ActiveCfg = Release|Any CPU
		{8420011D-9D4B-47C6-8EF4-51E828985A41}.Release|Any CPU.Build.0 = Release|Any CPU
	EndGlobalSection
	GlobalSection(SolutionProperties) = preSolution
		HideSolutionNode = FALSE
	EndGlobalSection
	GlobalSection(ExtensibilityGlobals) = postSolution
		SolutionGuid = {0A55061D-294C-406B-9FC7-A68EB9C5E7EC}
	EndGlobalSection
EndGlobal
